
Microsoft Visual Studio Solution File, Format Version 12.00
# Visual Studio 2012
Project("{FAE04EC0-301F-11D3-BF4B-00C04F79EFBC}") = "SignalPlotter", "SignalPlotter\SignalPlotter.csproj", "{31A2E6BD-F1B5-4DD8-ADCF-8BC68273BB5C}"
EndProject
Project("{FAE04EC0-301F-11D3-BF4B-00C04F79EFBC}") = "GpsSimpleClient", "GpsSimpleClient\GpsSimpleClient.csproj", "{B6838737-76A4-4F9C-9B13-616C0E2B1DA6}"
EndProject
Project("{FAE04EC0-301F-11D3-BF4B-00C04F79EFBC}") = "GpsService", "GpsService\GpsService.csproj", "{F3DE972C-BB7B-4646-BC2C-8A3CCEA8DB84}"
EndProject
Project("{FAE04EC0-301F-11D3-BF4B-00C04F79EFBC}") = "LatencyService", "LatencyService\LatencyService.csproj", "{8F8860AB-D056-4942-88E5-2F0548B8371D}"
EndProject
Project("{FAE04EC0-301F-11D3-BF4B-00C04F79EFBC}") = "Common", "Common\Common.csproj", "{03368171-3F35-4A27-B553-2A80BF01BFC0}"
EndProject
Project("{FAE04EC0-301F-11D3-BF4B-00C04F79EFBC}") = "ConvertLogToHeatmap", "ConvertLogToHeatmap\ConvertLogToHeatmap.csproj", "{3DDEB103-741D-4D3F-9BE0-3956CC083F04}"
EndProject
Global
	GlobalSection(SolutionConfigurationPlatforms) = preSolution
		Debug|Any CPU = Debug|Any CPU
		Release|Any CPU = Release|Any CPU
	EndGlobalSection
	GlobalSection(ProjectConfigurationPlatforms) = postSolution
		{31A2E6BD-F1B5-4DD8-ADCF-8BC68273BB5C}.Debug|Any CPU.ActiveCfg = Debug|Any CPU
		{31A2E6BD-F1B5-4DD8-ADCF-8BC68273BB5C}.Debug|Any CPU.Build.0 = Debug|Any CPU
		{31A2E6BD-F1B5-4DD8-ADCF-8BC68273BB5C}.Release|Any CPU.ActiveCfg = Release|Any CPU
		{31A2E6BD-F1B5-4DD8-ADCF-8BC68273BB5C}.Release|Any CPU.Build.0 = Release|Any CPU
		{B6838737-76A4-4F9C-9B13-616C0E2B1DA6}.Debug|Any CPU.ActiveCfg = Debug|Any CPU
		{B6838737-76A4-4F9C-9B13-616C0E2B1DA6}.Debug|Any CPU.Build.0 = Debug|Any CPU
		{B6838737-76A4-4F9C-9B13-616C0E2B1DA6}.Release|Any CPU.ActiveCfg = Release|Any CPU
		{B6838737-76A4-4F9C-9B13-616C0E2B1DA6}.Release|Any CPU.Build.0 = Release|Any CPU
		{F3DE972C-BB7B-4646-BC2C-8A3CCEA8DB84}.Debug|Any CPU.ActiveCfg = Debug|Any CPU
		{F3DE972C-BB7B-4646-BC2C-8A3CCEA8DB84}.Debug|Any CPU.Build.0 = Debug|Any CPU
		{F3DE972C-BB7B-4646-BC2C-8A3CCEA8DB84}.Release|Any CPU.ActiveCfg = Release|Any CPU
		{F3DE972C-BB7B-4646-BC2C-8A3CCEA8DB84}.Release|Any CPU.Build.0 = Release|Any CPU
		{8F8860AB-D056-4942-88E5-2F0548B8371D}.Debug|Any CPU.ActiveCfg = Debug|Any CPU
		{8F8860AB-D056-4942-88E5-2F0548B8371D}.Debug|Any CPU.Build.0 = Debug|Any CPU
		{8F8860AB-D056-4942-88E5-2F0548B8371D}.Release|Any CPU.ActiveCfg = Release|Any CPU
		{8F8860AB-D056-4942-88E5-2F0548B8371D}.Release|Any CPU.Build.0 = Release|Any CPU
		{03368171-3F35-4A27-B553-2A80BF01BFC0}.Debug|Any CPU.ActiveCfg = Debug|Any CPU
		{03368171-3F35-4A27-B553-2A80BF01BFC0}.Debug|Any CPU.Build.0 = Debug|Any CPU
		{03368171-3F35-4A27-B553-2A80BF01BFC0}.Release|Any CPU.ActiveCfg = Release|Any CPU
		{03368171-3F35-4A27-B553-2A80BF01BFC0}.Release|Any CPU.Build.0 = Release|Any CPU
		{3DDEB103-741D-4D3F-9BE0-3956CC083F04}.Debug|Any CPU.ActiveCfg = Debug|Any CPU
		{3DDEB103-741D-4D3F-9BE0-3956CC083F04}.Debug|Any CPU.Build.0 = Debug|Any CPU
		{3DDEB103-741D-4D3F-9BE0-3956CC083F04}.Release|Any CPU.ActiveCfg = Release|Any CPU
		{3DDEB103-741D-4D3F-9BE0-3956CC083F04}.Release|Any CPU.Build.0 = Release|Any CPU
	EndGlobalSection
	GlobalSection(SolutionProperties) = preSolution
		HideSolutionNode = FALSE
	EndGlobalSection
EndGlobal
